
Microsoft Visual Studio Solution File, Format Version 12.00
# Visual Studio Version 17
VisualStudioVersion = 17.6.33829.357
MinimumVisualStudioVersion = 10.0.40219.1
Project("{8BC9CEB8-8B4A-11D0-8D11-00A0C91BC942}") = "BlueNovember", "BlueNovember\BlueNovember.vcxproj", "{E261A3C3-896B-485A-BA54-0FDCD19413B9}"
EndProject
Project("{8BC9CEB8-8B4A-11D0-8D11-00A0C91BC942}") = "Client", "Client\Client.vcxproj", "{785E7BE7-8473-474D-812E-D19D49A5ECD3}"
EndProject
Global
	GlobalSection(SolutionConfigurationPlatforms) = preSolution
		Debug|ARM64 = Debug|ARM64
		Debug|x64 = Debug|x64
		Debug|x86 = Debug|x86
		Release|ARM64 = Release|ARM64
		Release|x64 = Release|x64
		Release|x86 = Release|x86
	EndGlobalSection
	GlobalSection(ProjectConfigurationPlatforms) = postSolution
		{E261A3C3-896B-485A-BA54-0FDCD19413B9}.Debug|ARM64.ActiveCfg = Debug|ARM64
		{E261A3C3-896B-485A-BA54-0FDCD19413B9}.Debug|ARM64.Build.0 = Debug|ARM64
		{E261A3C3-896B-485A-BA54-0FDCD19413B9}.Debug|ARM64.Deploy.0 = Debug|ARM64
		{E261A3C3-896B-485A-BA54-0FDCD19413B9}.Debug|x64.ActiveCfg = Debug|x64
		{E261A3C3-896B-485A-BA54-0FDCD19413B9}.Debug|x64.Build.0 = Debug|x64
		{E261A3C3-896B-485A-BA54-0FDCD19413B9}.Debug|x64.Deploy.0 = Debug|x64
		{E261A3C3-896B-485A-BA54-0FDCD19413B9}.Debug|x86.ActiveCfg = Debug|x64
		{E261A3C3-896B-485A-BA54-0FDCD19413B9}.Debug|x86.Build.0 = Debug|x64
		{E261A3C3-896B-485A-BA54-0FDCD19413B9}.Debug|x86.Deploy.0 = Debug|x64
		{E261A3C3-896B-485A-BA54-0FDCD19413B9}.Release|ARM64.ActiveCfg = Release|ARM64
		{E261A3C3-896B-485A-BA54-0FDCD19413B9}.Release|ARM64.Build.0 = Release|ARM64
		{E261A3C3-896B-485A-BA54-0FDCD19413B9}.Release|ARM64.Deploy.0 = Release|ARM64
		{E261A3C3-896B-485A-BA54-0FDCD19413B9}.Release|x64.ActiveCfg = Release|x64
		{E261A3C3-896B-485A-BA54-0FDCD19413B9}.Release|x64.Build.0 = Release|x64
		{E261A3C3-896B-485A-BA54-0FDCD19413B9}.Release|x64.Deploy.0 = Release|x64
		{E261A3C3-896B-485A-BA54-0FDCD19413B9}.Release|x86.ActiveCfg = Release|x64
		{E261A3C3-896B-485A-BA54-0FDCD19413B9}.Release|x86.Build.0 = Release|x64
		{E261A3C3-896B-485A-BA54-0FDCD19413B9}.Release|x86.Deploy.0 = Release|x64
		{785E7BE7-8473-474D-812E-D19D49A5ECD3}.Debug|ARM64.ActiveCfg = Debug|x64
		{785E7BE7-8473-474D-812E-D19D49A5ECD3}.Debug|ARM64.Build.0 = Debug|x64
		{785E7BE7-8473-474D-812E-D19D49A5ECD3}.Debug|x64.ActiveCfg = Debug|x64
		{785E7BE7-8473-474D-812E-D19D49A5ECD3}.Debug|x64.Build.0 = Debug|x64
		{785E7BE7-8473-474D-812E-D19D49A5ECD3}.Debug|x86.ActiveCfg = Debug|Win32
		{785E7BE7-8473-474D-812E-D19D49A5ECD3}.Debug|x86.Build.0 = Debug|Win32
		{785E7BE7-8473-474D-812E-D19D49A5ECD3}.Release|ARM64.ActiveCfg = Release|x64
		{785E7BE7-8473-474D-812E-D19D49A5ECD3}.Release|ARM64.Build.0 = Release|x64
		{785E7BE7-8473-474D-812E-D19D49A5ECD3}.Release|x64.ActiveCfg = Release|x64
		{785E7BE7-8473-474D-812E-D19D49A5ECD3}.Release|x64.Build.0 = Release|x64
		{785E7BE7-8473-474D-812E-D19D49A5ECD3}.Release|x86.ActiveCfg = Release|Win32
		{785E7BE7-8473-474D-812E-D19D49A5ECD3}.Release|x86.Build.0 = Release|Win32
	EndGlobalSection
	GlobalSection(SolutionProperties) = preSolution
		HideSolutionNode = FALSE
	EndGlobalSection
	GlobalSection(ExtensibilityGlobals) = postSolution
		SolutionGuid = {019B2437-789E-4AEC-BC24-557029B200EA}
	EndGlobalSection
EndGlobal
